<?xml version="1.0" encoding="UTF-8" standalone="yes" ?>
<CodeBlocks_project_file>
	<FileVersion major="1" minor="6" />
	<Project>
		<Option title="HOTEL" />
		<Option pch_mode="2" />
		<Option compiler="gcc" />
		<Build>
			<Target title="Debug">
				<Option output="bin/Debug/HOTEL" prefix_auto="1" extension_auto="1" />
				<Option object_output="obj/Debug/" />
				<Option type="1" />
				<Option compiler="gcc" />
				<Compiler>
					<Add option="-g" />
				</Compiler>
			</Target>
			<Target title="Release">
				<Option output="bin/Release/HOTEL" prefix_auto="1" extension_auto="1" />
				<Option object_output="obj/Release/" />
				<Option type="1" />
				<Option compiler="gcc" />
				<Compiler>
					<Add option="-O2" />
				</Compiler>
				<Linker>
					<Add option="-s" />
				</Linker>
			</Target>
		</Build>
		<Compiler>
			<Add option="-Wall" />
			<Add option="-fexceptions" />
		</Compiler>
		<Unit filename="Administrateur.cpp" />
		<Unit filename="Administrateur.h" />
		<Unit filename="Archive.cpp" />
		<Unit filename="Archive.h" />
		<Unit filename="Bloc.cpp" />
		<Unit filename="Bloc.h" />
		<Unit filename="Chambre.cpp" />
		<Unit filename="Chambre.h" />
		<Unit filename="DossierMedical.cpp" />
		<Unit filename="DossierMedical.h" />
		<Unit filename="Evenement.cpp" />
		<Unit filename="Evenement.h" />
		<Unit filename="EvenementAtelier.cpp" />
		<Unit filename="EvenementAtelier.h" />
		<Unit filename="EvenementFormation.cpp" />
		<Unit filename="EvenementFormation.h" />
		<Unit filename="Gestionnaire.cpp" />
		<Unit filename="Gestionnaire.h" />
		<Unit filename="HOTEL.cbp" />
		<Unit filename="Personne.cpp" />
		<Unit filename="Personne.h" />
		<Unit filename="RSEvenement.cpp" />
		<Unit filename="RSEvenement.h" />
		<Unit filename="Receptionniste.cpp" />
		<Unit filename="Receptionniste.h" />
		<Unit filename="Reservation.cpp" />
		<Unit filename="Reservation.h" />
		<Unit filename="RespBloc.cpp" />
		<Unit filename="RespBloc.h" />
		<Unit filename="SansAbri.cpp" />
		<Unit filename="SansAbri.h" />
		<Unit filename="TravailleurSocial.cpp" />
		<Unit filename="TravailleurSocial.h" />
		<Unit filename="TravailleurSocialEvenementiel.cpp" />
		<Unit filename="TravailleurSocialEvenementiel.h" />
		<Unit filename="Utilisateur.cpp" />
		<Unit filename="Utilisateur.h" />
		<Unit filename="main.cpp" />
		<Extensions>
			<lib_finder disable_auto="1" />
		</Extensions>
	</Project>
</CodeBlocks_project_file>
